
Microsoft Visual Studio Solution File, Format Version 12.00
# Visual Studio Version 17
VisualStudioVersion = 17.2.32519.379
MinimumVisualStudioVersion = 10.0.40219.1
Project("{FAE04EC0-301F-11D3-BF4B-00C04F79EFBC}") = "WPF--Application-Example-3", "WPF--Application-Example-3\WPF--Application-Example-3.csproj", "{90D15B52-8741-4C55-B9C1-2CEE58D7F0BE}"
EndProject
Global
	GlobalSection(SolutionConfigurationPlatforms) = preSolution
		Debug|Any CPU = Debug|Any CPU
		Release|Any CPU = Release|Any CPU
	EndGlobalSection
	GlobalSection(ProjectConfigurationPlatforms) = postSolution
		{90D15B52-8741-4C55-B9C1-2CEE58D7F0BE}.Debug|Any CPU.ActiveCfg = Debug|Any CPU
		{90D15B52-8741-4C55-B9C1-2CEE58D7F0BE}.Debug|Any CPU.Build.0 = Debug|Any CPU
		{90D15B52-8741-4C55-B9C1-2CEE58D7F0BE}.Release|Any CPU.ActiveCfg = Release|Any CPU
		{90D15B52-8741-4C55-B9C1-2CEE58D7F0BE}.Release|Any CPU.Build.0 = Release|Any CPU
	EndGlobalSection
	GlobalSection(SolutionProperties) = preSolution
		HideSolutionNode = FALSE
	EndGlobalSection
	GlobalSection(ExtensibilityGlobals) = postSolution
		SolutionGuid = {77A698E6-EC59-4BFA-9632-9EA2A98FCFA1}
	EndGlobalSection
EndGlobal
